
Microsoft Visual Studio Solution File, Format Version 12.00
# Visual Studio 14
VisualStudioVersion = 14.0.22310.1
MinimumVisualStudioVersion = 10.0.40219.1
Project("{FAE04EC0-301F-11D3-BF4B-00C04F79EFBC}") = "OnLineShopping", "OnLineShopping\OnLineShopping.csproj", "{E4A20426-723D-4969-BF95-1C537FD8996A}"
EndProject
Project("{FAE04EC0-301F-11D3-BF4B-00C04F79EFBC}") = "OnLineShopping.Tests", "OnLineShopping.Tests\OnLineShopping.Tests.csproj", "{2721DF8D-45BA-439A-9F97-9F8CC37203F7}"
EndProject
Project("{2150E333-8FDC-42A3-9474-1A3956D46DE8}") = "PublishScripts", "PublishScripts", "{DFAEE40C-21A7-4D3C-B26A-A3705254067A}"
	ProjectSection(SolutionItems) = preProject
		PublishScripts\AzureWebsitePublishModule.psm1 = PublishScripts\AzureWebsitePublishModule.psm1
		PublishScripts\Publish-WebApplicationWebsite.ps1 = PublishScripts\Publish-WebApplicationWebsite.ps1
	EndProjectSection
EndProject
Project("{2150E333-8FDC-42A3-9474-1A3956D46DE8}") = "Configurations", "Configurations", "{72ECFD0C-2166-420A-A5EB-4AE07950BE23}"
	ProjectSection(SolutionItems) = preProject
		PublishScripts\Configurations\OnLineShopping-WAWS-dev.json = PublishScripts\Configurations\OnLineShopping-WAWS-dev.json
	EndProjectSection
EndProject
Global
	GlobalSection(SolutionConfigurationPlatforms) = preSolution
		Debug|Any CPU = Debug|Any CPU
		Release|Any CPU = Release|Any CPU
	EndGlobalSection
	GlobalSection(ProjectConfigurationPlatforms) = postSolution
		{E4A20426-723D-4969-BF95-1C537FD8996A}.Debug|Any CPU.ActiveCfg = Debug|Any CPU
		{E4A20426-723D-4969-BF95-1C537FD8996A}.Debug|Any CPU.Build.0 = Debug|Any CPU
		{E4A20426-723D-4969-BF95-1C537FD8996A}.Release|Any CPU.ActiveCfg = Release|Any CPU
		{E4A20426-723D-4969-BF95-1C537FD8996A}.Release|Any CPU.Build.0 = Release|Any CPU
		{2721DF8D-45BA-439A-9F97-9F8CC37203F7}.Debug|Any CPU.ActiveCfg = Debug|Any CPU
		{2721DF8D-45BA-439A-9F97-9F8CC37203F7}.Debug|Any CPU.Build.0 = Debug|Any CPU
		{2721DF8D-45BA-439A-9F97-9F8CC37203F7}.Release|Any CPU.ActiveCfg = Release|Any CPU
		{2721DF8D-45BA-439A-9F97-9F8CC37203F7}.Release|Any CPU.Build.0 = Release|Any CPU
	EndGlobalSection
	GlobalSection(SolutionProperties) = preSolution
		HideSolutionNode = FALSE
	EndGlobalSection
	GlobalSection(NestedProjects) = preSolution
		{72ECFD0C-2166-420A-A5EB-4AE07950BE23} = {DFAEE40C-21A7-4D3C-B26A-A3705254067A}
	EndGlobalSection
EndGlobal
